
Microsoft Visual Studio Solution File, Format Version 12.00
# Visual Studio Version 17
VisualStudioVersion = 17.11.35303.130
MinimumVisualStudioVersion = 10.0.40219.1
Project("{FAE04EC0-301F-11D3-BF4B-00C04F79EFBC}") = "SolarWatchTests", "SolarWatchTests\SolarWatchTests.csproj", "{B2CE18A1-4653-4664-B55B-488AA8AFD876}"
EndProject
Project("{FAE04EC0-301F-11D3-BF4B-00C04F79EFBC}") = "SolarWatchApi", "SolarWatchApi\SolarWatchApi.csproj", "{170A12F5-A01A-4FA6-B502-2107C5FFC8BB}"
EndProject
Global
	GlobalSection(SolutionConfigurationPlatforms) = preSolution
		Debug|Any CPU = Debug|Any CPU
		Release|Any CPU = Release|Any CPU
	EndGlobalSection
	GlobalSection(ProjectConfigurationPlatforms) = postSolution
		{B2CE18A1-4653-4664-B55B-488AA8AFD876}.Debug|Any CPU.ActiveCfg = Debug|Any CPU
		{B2CE18A1-4653-4664-B55B-488AA8AFD876}.Debug|Any CPU.Build.0 = Debug|Any CPU
		{B2CE18A1-4653-4664-B55B-488AA8AFD876}.Release|Any CPU.ActiveCfg = Release|Any CPU
		{B2CE18A1-4653-4664-B55B-488AA8AFD876}.Release|Any CPU.Build.0 = Release|Any CPU
		{170A12F5-A01A-4FA6-B502-2107C5FFC8BB}.Debug|Any CPU.ActiveCfg = Debug|Any CPU
		{170A12F5-A01A-4FA6-B502-2107C5FFC8BB}.Debug|Any CPU.Build.0 = Debug|Any CPU
		{170A12F5-A01A-4FA6-B502-2107C5FFC8BB}.Release|Any CPU.ActiveCfg = Release|Any CPU
		{170A12F5-A01A-4FA6-B502-2107C5FFC8BB}.Release|Any CPU.Build.0 = Release|Any CPU
	EndGlobalSection
	GlobalSection(SolutionProperties) = preSolution
		HideSolutionNode = FALSE
	EndGlobalSection
	GlobalSection(ExtensibilityGlobals) = postSolution
		SolutionGuid = {E4EE27B6-436B-4EA3-9DB4-E9F05AF2BFE1}
	EndGlobalSection
EndGlobal
